
Microsoft Visual Studio Solution File, Format Version 12.00
# Visual Studio Version 16
VisualStudioVersion = 16.0.28922.388
MinimumVisualStudioVersion = 10.0.40219.1
Project("{9A19103F-16F7-4668-BE54-9A1E7A4F7556}") = "eh-asa-perfmon", "eh-asa-perfmon.csproj", "{E79B5A17-D96C-4621-90F6-F258A099EAD3}"
EndProject
Global
	GlobalSection(SolutionConfigurationPlatforms) = preSolution
		Debug|Any CPU = Debug|Any CPU
		Release|Any CPU = Release|Any CPU
	EndGlobalSection
	GlobalSection(ProjectConfigurationPlatforms) = postSolution
		{E79B5A17-D96C-4621-90F6-F258A099EAD3}.Debug|Any CPU.ActiveCfg = Debug|Any CPU
		{E79B5A17-D96C-4621-90F6-F258A099EAD3}.Debug|Any CPU.Build.0 = Debug|Any CPU
		{E79B5A17-D96C-4621-90F6-F258A099EAD3}.Release|Any CPU.ActiveCfg = Release|Any CPU
		{E79B5A17-D96C-4621-90F6-F258A099EAD3}.Release|Any CPU.Build.0 = Release|Any CPU
	EndGlobalSection
	GlobalSection(SolutionProperties) = preSolution
		HideSolutionNode = FALSE
	EndGlobalSection
	GlobalSection(ExtensibilityGlobals) = postSolution
		SolutionGuid = {866FCA82-88C0-48FC-AD06-60F11E220AB4}
	EndGlobalSection
EndGlobal
