
Microsoft Visual Studio Solution File, Format Version 12.00
# Visual Studio 15
VisualStudioVersion = 15.0.28307.168
MinimumVisualStudioVersion = 10.0.40219.1
Project("{FAE04EC0-301F-11D3-BF4B-00C04F79EFBC}") = "StreamingProcessor-CosmosDB", "StreamingProcessor-CosmosDB\StreamingProcessor-CosmosDB.csproj", "{5215F452-43B7-49E0-92A3-98ED8E38488B}"
EndProject
Global
	GlobalSection(SolutionConfigurationPlatforms) = preSolution
		Debug|Any CPU = Debug|Any CPU
		Release|Any CPU = Release|Any CPU
	EndGlobalSection
	GlobalSection(ProjectConfigurationPlatforms) = postSolution
		{5215F452-43B7-49E0-92A3-98ED8E38488B}.Debug|Any CPU.ActiveCfg = Debug|Any CPU
		{5215F452-43B7-49E0-92A3-98ED8E38488B}.Debug|Any CPU.Build.0 = Debug|Any CPU
		{5215F452-43B7-49E0-92A3-98ED8E38488B}.Release|Any CPU.ActiveCfg = Release|Any CPU
		{5215F452-43B7-49E0-92A3-98ED8E38488B}.Release|Any CPU.Build.0 = Release|Any CPU
	EndGlobalSection
	GlobalSection(SolutionProperties) = preSolution
		HideSolutionNode = FALSE
	EndGlobalSection
	GlobalSection(ExtensibilityGlobals) = postSolution
		SolutionGuid = {0F614885-FB05-46B9-B217-A57AC63D1D07}
	EndGlobalSection
EndGlobal
