
Microsoft Visual Studio Solution File, Format Version 12.00
# Visual Studio 15
VisualStudioVersion = 15.0.28307.168
MinimumVisualStudioVersion = 10.0.40219.1
Project("{FAE04EC0-301F-11D3-BF4B-00C04F79EFBC}") = "StreamingProcessor-CosmosDB-Test1", "StreamingProcessor-CosmosDB-Test1\StreamingProcessor-CosmosDB-Test1.csproj", "{319889FA-F4AA-4581-84DD-824976E25F8B}"
EndProject
Global
	GlobalSection(SolutionConfigurationPlatforms) = preSolution
		Debug|Any CPU = Debug|Any CPU
		Release|Any CPU = Release|Any CPU
	EndGlobalSection
	GlobalSection(ProjectConfigurationPlatforms) = postSolution
		{319889FA-F4AA-4581-84DD-824976E25F8B}.Debug|Any CPU.ActiveCfg = Debug|Any CPU
		{319889FA-F4AA-4581-84DD-824976E25F8B}.Debug|Any CPU.Build.0 = Debug|Any CPU
		{319889FA-F4AA-4581-84DD-824976E25F8B}.Release|Any CPU.ActiveCfg = Release|Any CPU
		{319889FA-F4AA-4581-84DD-824976E25F8B}.Release|Any CPU.Build.0 = Release|Any CPU
	EndGlobalSection
	GlobalSection(SolutionProperties) = preSolution
		HideSolutionNode = FALSE
	EndGlobalSection
	GlobalSection(ExtensibilityGlobals) = postSolution
		SolutionGuid = {1BF096FA-454D-4A46-8FDE-52FE6EAF15FA}
	EndGlobalSection
EndGlobal
